{
  "name": "npm",
  "version": "1.0.0",
  "lockfileVersion": 1,
  "requires": true,
  "dependencies": {
    "@babel/parser": {
      "version": "7.18.11",
      "resolved": "https://registry.npmjs.org/@babel/parser/-/parser-7.18.11.tgz",
      "integrity": "sha512-9JKn5vN+hDt0Hdqn1PiJ2guflwP+B6Ga8qbDuoF0PzzVhrzsKIJo8yGqVk6CmMHiMei9w1C1Bp9IMJSIK+HPIQ=="
    },
    "@vue/compiler-sfc": {
      "version": "2.7.8",
      "resolved": "https://registry.npmjs.org/@vue/compiler-sfc/-/compiler-sfc-2.7.8.tgz",
      "integrity": "sha512-2DK4YWKfgLnW9VDR9gnju1gcYRk3flKj8UNsms7fsRmFcg35slVTZEkqwBtX+wJBXaamFfn6NxSsZh3h12Ix/Q==",
      "requires": {
        "@babel/parser": "^7.18.4",
        "postcss": "^8.4.14",
        "source-map": "^0.6.1"
      }
    },
    "core-js": {
      "version": "3.24.1",
      "resolved": "https://registry.npmjs.org/core-js/-/core-js-3.24.1.tgz",
      "integrity": "sha512-0QTBSYSUZ6Gq21utGzkfITDylE8jWC9Ne1D2MrhvlsZBI1x39OdDIVbzSqtgMndIy6BlHxBXpMGqzZmnztg2rg=="
    },
    "csstype": {
      "version": "3.1.0",
      "resolved": "https://registry.npmjs.org/csstype/-/csstype-3.1.0.tgz",
      "integrity": "sha512-uX1KG+x9h5hIJsaKR9xHUeUraxf8IODOwq9JLNPq6BwB04a/xgpq3rcx47l5BZu5zBPlgD342tdke3Hom/nJRA=="
    },
    "haunglin_ui": {
      "version": "0.1.0",
      "resolved": "https://registry.npmjs.org/haunglin_ui/-/haunglin_ui-0.1.0.tgz",
      "integrity": "sha512-fdUxgPj1DWYs2zdZYTe0i3Fe5CxZq9KDeZwMjdGVAQuHzTrFiOqpiOEI1euABaSCtZ392IADyidZPI2WGgVJhw==",
      "requires": {
        "core-js": "^3.6.5",
        "vue": "^2.6.11"
      }
    },
    "nanoid": {
      "version": "3.3.4",
      "resolved": "https://registry.npmjs.org/nanoid/-/nanoid-3.3.4.tgz",
      "integrity": "sha512-MqBkQh/OHTS2egovRtLk45wEyNXwF+cokD+1YPf9u5VfJiRdAiRwB2froX5Co9Rh20xs4siNPm8naNotSD6RBw=="
    },
    "picocolors": {
      "version": "1.0.0",
      "resolved": "https://registry.npmjs.org/picocolors/-/picocolors-1.0.0.tgz",
      "integrity": "sha512-1fygroTLlHu66zi26VoTDv8yRgm0Fccecssto+MhsZ0D/DGW2sm8E8AjW7NU5VVTRt5GxbeZ5qBuJr+HyLYkjQ=="
    },
    "postcss": {
      "version": "8.4.16",
      "resolved": "https://registry.npmjs.org/postcss/-/postcss-8.4.16.tgz",
      "integrity": "sha512-ipHE1XBvKzm5xI7hiHCZJCSugxvsdq2mPnsq5+UF+VHCjiBvtDrlxJfMBToWaP9D5XlgNmcFGqoHmUn0EYEaRQ==",
      "requires": {
        "nanoid": "^3.3.4",
        "picocolors": "^1.0.0",
        "source-map-js": "^1.0.2"
      }
    },
    "source-map": {
      "version": "0.6.1",
      "resolved": "https://registry.npmjs.org/source-map/-/source-map-0.6.1.tgz",
      "integrity": "sha512-UjgapumWlbMhkBgzT7Ykc5YXUT46F0iKu8SGXq0bcwP5dz/h0Plj6enJqjz1Zbq2l5WaqYnrVbwWOWMyF3F47g=="
    },
    "source-map-js": {
      "version": "1.0.2",
      "resolved": "https://registry.npmjs.org/source-map-js/-/source-map-js-1.0.2.tgz",
      "integrity": "sha512-R0XvVJ9WusLiqTCEiGCmICCMplcCkIwwR11mOSD9CR5u+IXYdiseeEuXCVAjS54zqwkLcPNnmU4OeJ6tUrWhDw=="
    },
    "vue": {
      "version": "2.7.8",
      "resolved": "https://registry.npmjs.org/vue/-/vue-2.7.8.tgz",
      "integrity": "sha512-ncwlZx5qOcn754bCu5/tS/IWPhXHopfit79cx+uIlLMyt3vCMGcXai5yCG5y+I6cDmEj4ukRYyZail9FTQh7lQ==",
      "requires": {
        "@vue/compiler-sfc": "2.7.8",
        "csstype": "^3.1.0"
      }
    }
  }
}
